// !$*UTF8*$!
{
	archiveVersion = 1;
	classes = {
	};
	objectVersion = 77;
	objects = {

/* Begin PBXContainerItemProxy section */
		B5248BBC2E48916B00AB82C7 /* PBXContainerItemProxy */ = {
			isa = PBXContainerItemProxy;
			containerPortal = B5248BA32E48916900AB82C7 /* Project object */;
			proxyType = 1;
			remoteGlobalIDString = B5248BAA2E48916900AB82C7;
			remoteInfo = ExerciseUpTo35;
		};
		B5248BC62E48916B00AB82C7 /* PBXContainerItemProxy */ = {
			isa = PBXContainerItemProxy;
			containerPortal = B5248BA32E48916900AB82C7 /* Project object */;
			proxyType = 1;
			remoteGlobalIDString = B5248BAA2E48916900AB82C7;
			remoteInfo = ExerciseUpTo35;
		};
/* End PBXContainerItemProxy section */

/* Begin PBXFileReference section */
		B5248BAB2E48916900AB82C7 /* ExerciseUpTo35.app */ = {isa = PBXFileReference; explicitFileType = wrapper.application; includeInIndex = 0; path = ExerciseUpTo35.app; sourceTree = BUILT_PRODUCTS_DIR; };
		B5248BBB2E48916B00AB82C7 /* ExerciseUpTo35Tests.xctest */ = {isa = PBXFileReference; explicitFileType = wrapper.cfbundle; includeInIndex = 0; path = ExerciseUpTo35Tests.xctest; sourceTree = BUILT_PRODUCTS_DIR; };
		B5248BC52E48916B00AB82C7 /* ExerciseUpTo35UITests.xctest */ = {isa = PBXFileReference; explicitFileType = wrapper.cfbundle; includeInIndex = 0; path = ExerciseUpTo35UITests.xctest; sourceTree = BUILT_PRODUCTS_DIR; };
/* End PBXFileReference section */

/* Begin PBXFileSystemSynchronizedRootGroup section */
		B5248BAD2E48916900AB82C7 /* ExerciseUpTo35 */ = {
			isa = PBXFileSystemSynchronizedRootGroup;
			path = ExerciseUpTo35;
			sourceTree = "<group>";
		};
		B5248BBE2E48916B00AB82C7 /* ExerciseUpTo35Tests */ = {
			isa = PBXFileSystemSynchronizedRootGroup;
			path = ExerciseUpTo35Tests;
			sourceTree = "<group>";
		};
		B5248BC82E48916B00AB82C7 /* ExerciseUpTo35UITests */ = {
			isa = PBXFileSystemSynchronizedRootGroup;
			path = ExerciseUpTo35UITests;
			sourceTree = "<group>";
		};
/* End PBXFileSystemSynchronizedRootGroup section */

/* Begin PBXFrameworksBuildPhase section */
		B5248BA82E48916900AB82C7 /* Frameworks */ = {
			isa = PBXFrameworksBuildPhase;
			buildActionMask = 2147483647;
			files = (
			);
			runOnlyForDeploymentPostprocessing = 0;
		};
		B5248BB82E48916B00AB82C7 /* Frameworks */ = {
			isa = PBXFrameworksBuildPhase;
			buildActionMask = 2147483647;
			files = (
			);
			runOnlyForDeploymentPostprocessing = 0;
		};
		B5248BC22E48916B00AB82C7 /* Frameworks */ = {
			isa = PBXFrameworksBuildPhase;
			buildActionMask = 2147483647;
			files = (
			);
			runOnlyForDeploymentPostprocessing = 0;
		};
/* End PBXFrameworksBuildPhase section */

/* Begin PBXGroup section */
		B5248BA22E48916900AB82C7 = {
			isa = PBXGroup;
			children = (
				B5248BAD2E48916900AB82C7 /* ExerciseUpTo35 */,
				B5248BBE2E48916B00AB82C7 /* ExerciseUpTo35Tests */,
				B5248BC82E48916B00AB82C7 /* ExerciseUpTo35UITests */,
				B5248BAC2E48916900AB82C7 /* Products */,
			);
			sourceTree = "<group>";
		};
		B5248BAC2E48916900AB82C7 /* Products */ = {
			isa = PBXGroup;
			children = (
				B5248BAB2E48916900AB82C7 /* ExerciseUpTo35.app */,
				B5248BBB2E48916B00AB82C7 /* ExerciseUpTo35Tests.xctest */,
				B5248BC52E48916B00AB82C7 /* ExerciseUpTo35UITests.xctest */,
			);
			name = Products;
			sourceTree = "<group>";
		};
/* End PBXGroup section */

/* Begin PBXNativeTarget section */
		B5248BAA2E48916900AB82C7 /* ExerciseUpTo35 */ = {
			isa = PBXNativeTarget;
			buildConfigurationList = B5248BCF2E48916B00AB82C7 /* Build configuration list for PBXNativeTarget "ExerciseUpTo35" */;
			buildPhases = (
				B5248BA72E48916900AB82C7 /* Sources */,
				B5248BA82E48916900AB82C7 /* Frameworks */,
				B5248BA92E48916900AB82C7 /* Resources */,
			);
			buildRules = (
			);
			dependencies = (
			);
			fileSystemSynchronizedGroups = (
				B5248BAD2E48916900AB82C7 /* ExerciseUpTo35 */,
			);
			name = ExerciseUpTo35;
			packageProductDependencies = (
			);
			productName = ExerciseUpTo35;
			productReference = B5248BAB2E48916900AB82C7 /* ExerciseUpTo35.app */;
			productType = "com.apple.product-type.application";
		};
		B5248BBA2E48916B00AB82C7 /* ExerciseUpTo35Tests */ = {
			isa = PBXNativeTarget;
			buildConfigurationList = B5248BD22E48916B00AB82C7 /* Build configuration list for PBXNativeTarget "ExerciseUpTo35Tests" */;
			buildPhases = (
				B5248BB72E48916B00AB82C7 /* Sources */,
				B5248BB82E48916B00AB82C7 /* Frameworks */,
				B5248BB92E48916B00AB82C7 /* Resources */,
			);
			buildRules = (
			);
			dependencies = (
				B5248BBD2E48916B00AB82C7 /* PBXTargetDependency */,
			);
			fileSystemSynchronizedGroups = (
				B5248BBE2E48916B00AB82C7 /* ExerciseUpTo35Tests */,
			);
			name = ExerciseUpTo35Tests;
			packageProductDependencies = (
			);
			productName = ExerciseUpTo35Tests;
			productReference = B5248BBB2E48916B00AB82C7 /* ExerciseUpTo35Tests.xctest */;
			productType = "com.apple.product-type.bundle.unit-test";
		};
		B5248BC42E48916B00AB82C7 /* ExerciseUpTo35UITests */ = {
			isa = PBXNativeTarget;
			buildConfigurationList = B5248BD52E48916B00AB82C7 /* Build configuration list for PBXNativeTarget "ExerciseUpTo35UITests" */;
			buildPhases = (
				B5248BC12E48916B00AB82C7 /* Sources */,
				B5248BC22E48916B00AB82C7 /* Frameworks */,
				B5248BC32E48916B00AB82C7 /* Resources */,
			);
			buildRules = (
			);
			dependencies = (
				B5248BC72E48916B00AB82C7 /* PBXTargetDependency */,
			);
			fileSystemSynchronizedGroups = (
				B5248BC82E48916B00AB82C7 /* ExerciseUpTo35UITests */,
			);
			name = ExerciseUpTo35UITests;
			packageProductDependencies = (
			);
			productName = ExerciseUpTo35UITests;
			productReference = B5248BC52E48916B00AB82C7 /* ExerciseUpTo35UITests.xctest */;
			productType = "com.apple.product-type.bundle.ui-testing";
		};
/* End PBXNativeTarget section */

/* Begin PBXProject section */
		B5248BA32E48916900AB82C7 /* Project object */ = {
			isa = PBXProject;
			attributes = {
				BuildIndependentTargetsInParallel = 1;
				LastSwiftUpdateCheck = 1610;
				LastUpgradeCheck = 1610;
				TargetAttributes = {
					B5248BAA2E48916900AB82C7 = {
						CreatedOnToolsVersion = 16.1;
					};
					B5248BBA2E48916B00AB82C7 = {
						CreatedOnToolsVersion = 16.1;
						TestTargetID = B5248BAA2E48916900AB82C7;
					};
					B5248BC42E48916B00AB82C7 = {
						CreatedOnToolsVersion = 16.1;
						TestTargetID = B5248BAA2E48916900AB82C7;
					};
				};
			};
			buildConfigurationList = B5248BA62E48916900AB82C7 /* Build configuration list for PBXProject "ExerciseUpTo35" */;
			developmentRegion = en;
			hasScannedForEncodings = 0;
			knownRegions = (
				en,
				Base,
			);
			mainGroup = B5248BA22E48916900AB82C7;
			minimizedProjectReferenceProxies = 1;
			preferredProjectObjectVersion = 77;
			productRefGroup = B5248BAC2E48916900AB82C7 /* Products */;
			projectDirPath = "";
			projectRoot = "";
			targets = (
				B5248BAA2E48916900AB82C7 /* ExerciseUpTo35 */,
				B5248BBA2E48916B00AB82C7 /* ExerciseUpTo35Tests */,
				B5248BC42E48916B00AB82C7 /* ExerciseUpTo35UITests */,
			);
		};
/* End PBXProject section */

/* Begin PBXResourcesBuildPhase section */
		B5248BA92E48916900AB82C7 /* Resources */ = {
			isa = PBXResourcesBuildPhase;
			buildActionMask = 2147483647;
			files = (
			);
			runOnlyForDeploymentPostprocessing = 0;
		};
		B5248BB92E48916B00AB82C7 /* Resources */ = {
			isa = PBXResourcesBuildPhase;
			buildActionMask = 2147483647;
			files = (
			);
			runOnlyForDeploymentPostprocessing = 0;
		};
		B5248BC32E48916B00AB82C7 /* Resources */ = {
			isa = PBXResourcesBuildPhase;
			buildActionMask = 2147483647;
			files = (
			);
			runOnlyForDeploymentPostprocessing = 0;
		};
/* End PBXResourcesBuildPhase section */

/* Begin PBXSourcesBuildPhase section */
		B5248BA72E48916900AB82C7 /* Sources */ = {
			isa = PBXSourcesBuildPhase;
			buildActionMask = 2147483647;
			files = (
			);
			runOnlyForDeploymentPostprocessing = 0;
		};
		B5248BB72E48916B00AB82C7 /* Sources */ = {
			isa = PBXSourcesBuildPhase;
			buildActionMask = 2147483647;
			files = (
			);
			runOnlyForDeploymentPostprocessing = 0;
		};
		B5248BC12E48916B00AB82C7 /* Sources */ = {
			isa = PBXSourcesBuildPhase;
			buildActionMask = 2147483647;
			files = (
			);
			runOnlyForDeploymentPostprocessing = 0;
		};
/* End PBXSourcesBuildPhase section */

/* Begin PBXTargetDependency section */
		B5248BBD2E48916B00AB82C7 /* PBXTargetDependency */ = {
			isa = PBXTargetDependency;
			target = B5248BAA2E48916900AB82C7 /* ExerciseUpTo35 */;
			targetProxy = B5248BBC2E48916B00AB82C7 /* PBXContainerItemProxy */;
		};
		B5248BC72E48916B00AB82C7 /* PBXTargetDependency */ = {
			isa = PBXTargetDependency;
			target = B5248BAA2E48916900AB82C7 /* ExerciseUpTo35 */;
			targetProxy = B5248BC62E48916B00AB82C7 /* PBXContainerItemProxy */;
		};
/* End PBXTargetDependency section */

/* Begin XCBuildConfiguration section */
		B5248BCD2E48916B00AB82C7 /* Debug */ = {
			isa = XCBuildConfiguration;
			buildSettings = {
				ALWAYS_SEARCH_USER_PATHS = NO;
				ASSETCATALOG_COMPILER_GENERATE_SWIFT_ASSET_SYMBOL_EXTENSIONS = YES;
				CLANG_ANALYZER_NONNULL = YES;
				CLANG_ANALYZER_NUMBER_OBJECT_CONVERSION = YES_AGGRESSIVE;
				CLANG_CXX_LANGUAGE_STANDARD = "gnu++20";
				CLANG_ENABLE_MODULES = YES;
				CLANG_ENABLE_OBJC_ARC = YES;
				CLANG_ENABLE_OBJC_WEAK = YES;
				CLANG_WARN_BLOCK_CAPTURE_AUTORELEASING = YES;
				CLANG_WARN_BOOL_CONVERSION = YES;
				CLANG_WARN_COMMA = YES;
				CLANG_WARN_CONSTANT_CONVERSION = YES;
				CLANG_WARN_DEPRECATED_OBJC_IMPLEMENTATIONS = YES;
				CLANG_WARN_DIRECT_OBJC_ISA_USAGE = YES_ERROR;
				CLANG_WARN_DOCUMENTATION_COMMENTS = YES;
				CLANG_WARN_EMPTY_BODY = YES;
				CLANG_WARN_ENUM_CONVERSION = YES;
				CLANG_WARN_INFINITE_RECURSION = YES;
				CLANG_WARN_INT_CONVERSION = YES;
				CLANG_WARN_NON_LITERAL_NULL_CONVERSION = YES;
				CLANG_WARN_OBJC_IMPLICIT_RETAIN_SELF = YES;
				CLANG_WARN_OBJC_LITERAL_CONVERSION = YES;
				CLANG_WARN_OBJC_ROOT_CLASS = YES_ERROR;
				CLANG_WARN_QUOTED_INCLUDE_IN_FRAMEWORK_HEADER = YES;
				CLANG_WARN_RANGE_LOOP_ANALYSIS = YES;
				CLANG_WARN_STRICT_PROTOTYPES = YES;
				CLANG_WARN_SUSPICIOUS_MOVE = YES;
				CLANG_WARN_UNGUARDED_AVAILABILITY = YES_AGGRESSIVE;
				CLANG_WARN_UNREACHABLE_CODE = YES;
				CLANG_WARN__DUPLICATE_METHOD_MATCH = YES;
				COPY_PHASE_STRIP = NO;
				DEBUG_INFORMATION_FORMAT = dwarf;
				ENABLE_STRICT_OBJC_MSGSEND = YES;
				ENABLE_TESTABILITY = YES;
				ENABLE_USER_SCRIPT_SANDBOXING = YES;
				GCC_C_LANGUAGE_STANDARD = gnu17;
				GCC_DYNAMIC_NO_PIC = NO;
				GCC_NO_COMMON_BLOCKS = YES;
				GCC_OPTIMIZATION_LEVEL = 0;
				GCC_PREPROCESSOR_DEFINITIONS = (
					"DEBUG=1",
					"$(inherited)",
				);
				GCC_WARN_64_TO_32_BIT_CONVERSION = YES;
				GCC_WARN_ABOUT_RETURN_TYPE = YES_ERROR;
				GCC_WARN_UNDECLARED_SELECTOR = YES;
				GCC_WARN_UNINITIALIZED_AUTOS = YES_AGGRESSIVE;
				GCC_WARN_UNUSED_FUNCTION = YES;
				GCC_WARN_UNUSED_VARIABLE = YES;
				IPHONEOS_DEPLOYMENT_TARGET = 18.1;
				LOCALIZATION_PREFERS_STRING_CATALOGS = YES;
				MTL_ENABLE_DEBUG_INFO = INCLUDE_SOURCE;
				MTL_FAST_MATH = YES;
				ONLY_ACTIVE_ARCH = YES;
				SDKROOT = iphoneos;
				SWIFT_ACTIVE_COMPILATION_CONDITIONS = "DEBUG $(inherited)";
				SWIFT_OPTIMIZATION_LEVEL = "-Onone";
			};
			name = Debug;
		};
		B5248BCE2E48916B00AB82C7 /* Release */ = {
			isa = XCBuildConfiguration;
			buildSettings = {
				ALWAYS_SEARCH_USER_PATHS = NO;
				ASSETCATALOG_COMPILER_GENERATE_SWIFT_ASSET_SYMBOL_EXTENSIONS = YES;
				CLANG_ANALYZER_NONNULL = YES;
				CLANG_ANALYZER_NUMBER_OBJECT_CONVERSION = YES_AGGRESSIVE;
				CLANG_CXX_LANGUAGE_STANDARD = "gnu++20";
				CLANG_ENABLE_MODULES = YES;
				CLANG_ENABLE_OBJC_ARC = YES;
				CLANG_ENABLE_OBJC_WEAK = YES;
				CLANG_WARN_BLOCK_CAPTURE_AUTORELEASING = YES;
				CLANG_WARN_BOOL_CONVERSION = YES;
				CLANG_WARN_COMMA = YES;
				CLANG_WARN_CONSTANT_CONVERSION = YES;
				CLANG_WARN_DEPRECATED_OBJC_IMPLEMENTATIONS = YES;
				CLANG_WARN_DIRECT_OBJC_ISA_USAGE = YES_ERROR;
				CLANG_WARN_DOCUMENTATION_COMMENTS = YES;
				CLANG_WARN_EMPTY_BODY = YES;
				CLANG_WARN_ENUM_CONVERSION = YES;
				CLANG_WARN_INFINITE_RECURSION = YES;
				CLANG_WARN_INT_CONVERSION = YES;
				CLANG_WARN_NON_LITERAL_NULL_CONVERSION = YES;
				CLANG_WARN_OBJC_IMPLICIT_RETAIN_SELF = YES;
				CLANG_WARN_OBJC_LITERAL_CONVERSION = YES;
				CLANG_WARN_OBJC_ROOT_CLASS = YES_ERROR;
				CLANG_WARN_QUOTED_INCLUDE_IN_FRAMEWORK_HEADER = YES;
				CLANG_WARN_RANGE_LOOP_ANALYSIS = YES;
				CLANG_WARN_STRICT_PROTOTYPES = YES;
				CLANG_WARN_SUSPICIOUS_MOVE = YES;
				CLANG_WARN_UNGUARDED_AVAILABILITY = YES_AGGRESSIVE;
				CLANG_WARN_UNREACHABLE_CODE = YES;
				CLANG_WARN__DUPLICATE_METHOD_MATCH = YES;
				COPY_PHASE_STRIP = NO;
				DEBUG_INFORMATION_FORMAT = "dwarf-with-dsym";
				ENABLE_NS_ASSERTIONS = NO;
				ENABLE_STRICT_OBJC_MSGSEND = YES;
				ENABLE_USER_SCRIPT_SANDBOXING = YES;
				GCC_C_LANGUAGE_STANDARD = gnu17;
				GCC_NO_COMMON_BLOCKS = YES;
				GCC_WARN_64_TO_32_BIT_CONVERSION = YES;
				GCC_WARN_ABOUT_RETURN_TYPE = YES_ERROR;
				GCC_WARN_UNDECLARED_SELECTOR = YES;
				GCC_WARN_UNINITIALIZED_AUTOS = YES_AGGRESSIVE;
				GCC_WARN_UNUSED_FUNCTION = YES;
				GCC_WARN_UNUSED_VARIABLE = YES;
				IPHONEOS_DEPLOYMENT_TARGET = 18.1;
				LOCALIZATION_PREFERS_STRING_CATALOGS = YES;
				MTL_ENABLE_DEBUG_INFO = NO;
				MTL_FAST_MATH = YES;
				SDKROOT = iphoneos;
				SWIFT_COMPILATION_MODE = wholemodule;
				VALIDATE_PRODUCT = YES;
			};
			name = Release;
		};
		B5248BD02E48916B00AB82C7 /* Debug */ = {
			isa = XCBuildConfiguration;
			buildSettings = {
				ASSETCATALOG_COMPILER_APPICON_NAME = AppIcon;
				ASSETCATALOG_COMPILER_GLOBAL_ACCENT_COLOR_NAME = AccentColor;
				CODE_SIGN_STYLE = Automatic;
				CURRENT_PROJECT_VERSION = 1;
				DEVELOPMENT_ASSET_PATHS = "\"ExerciseUpTo35/Preview Content\"";
				ENABLE_PREVIEWS = YES;
				GENERATE_INFOPLIST_FILE = YES;
				INFOPLIST_KEY_UIApplicationSceneManifest_Generation = YES;
				INFOPLIST_KEY_UIApplicationSupportsIndirectInputEvents = YES;
				INFOPLIST_KEY_UILaunchScreen_Generation = YES;
				INFOPLIST_KEY_UISupportedInterfaceOrientations_iPad = "UIInterfaceOrientationPortrait UIInterfaceOrientationPortraitUpsideDown UIInterfaceOrientationLandscapeLeft UIInterfaceOrientationLandscapeRight";
				INFOPLIST_KEY_UISupportedInterfaceOrientations_iPhone = "UIInterfaceOrientationPortrait UIInterfaceOrientationLandscapeLeft UIInterfaceOrientationLandscapeRight";
				LD_RUNPATH_SEARCH_PATHS = (
					"$(inherited)",
					"@executable_path/Frameworks",
				);
				MARKETING_VERSION = 1.0;
				PRODUCT_BUNDLE_IDENTIFIER = me.cetin.gulcin.ExerciseUpTo35;
				PRODUCT_NAME = "$(TARGET_NAME)";
				SWIFT_EMIT_LOC_STRINGS = YES;
				SWIFT_VERSION = 5.0;
				TARGETED_DEVICE_FAMILY = "1,2";
			};
			name = Debug;
		};
		B5248BD12E48916B00AB82C7 /* Release */ = {
			isa = XCBuildConfiguration;
			buildSettings = {
				ASSETCATALOG_COMPILER_APPICON_NAME = AppIcon;
				ASSETCATALOG_COMPILER_GLOBAL_ACCENT_COLOR_NAME = AccentColor;
				CODE_SIGN_STYLE = Automatic;
				CURRENT_PROJECT_VERSION = 1;
				DEVELOPMENT_ASSET_PATHS = "\"ExerciseUpTo35/Preview Content\"";
				ENABLE_PREVIEWS = YES;
				GENERATE_INFOPLIST_FILE = YES;
				INFOPLIST_KEY_UIApplicationSceneManifest_Generation = YES;
				INFOPLIST_KEY_UIApplicationSupportsIndirectInputEvents = YES;
				INFOPLIST_KEY_UILaunchScreen_Generation = YES;
				INFOPLIST_KEY_UISupportedInterfaceOrientations_iPad = "UIInterfaceOrientationPortrait UIInterfaceOrientationPortraitUpsideDown UIInterfaceOrientationLandscapeLeft UIInterfaceOrientationLandscapeRight";
				INFOPLIST_KEY_UISupportedInterfaceOrientations_iPhone = "UIInterfaceOrientationPortrait UIInterfaceOrientationLandscapeLeft UIInterfaceOrientationLandscapeRight";
				LD_RUNPATH_SEARCH_PATHS = (
					"$(inherited)",
					"@executable_path/Frameworks",
				);
				MARKETING_VERSION = 1.0;
				PRODUCT_BUNDLE_IDENTIFIER = me.cetin.gulcin.ExerciseUpTo35;
				PRODUCT_NAME = "$(TARGET_NAME)";
				SWIFT_EMIT_LOC_STRINGS = YES;
				SWIFT_VERSION = 5.0;
				TARGETED_DEVICE_FAMILY = "1,2";
			};
			name = Release;
		};
		B5248BD32E48916B00AB82C7 /* Debug */ = {
			isa = XCBuildConfiguration;
			buildSettings = {
				BUNDLE_LOADER = "$(TEST_HOST)";
				CODE_SIGN_STYLE = Automatic;
				CURRENT_PROJECT_VERSION = 1;
				GENERATE_INFOPLIST_FILE = YES;
				IPHONEOS_DEPLOYMENT_TARGET = 18.1;
				MARKETING_VERSION = 1.0;
				PRODUCT_BUNDLE_IDENTIFIER = me.cetin.gulcin.ExerciseUpTo35Tests;
				PRODUCT_NAME = "$(TARGET_NAME)";
				SWIFT_EMIT_LOC_STRINGS = NO;
				SWIFT_VERSION = 5.0;
				TARGETED_DEVICE_FAMILY = "1,2";
				TEST_HOST = "$(BUILT_PRODUCTS_DIR)/ExerciseUpTo35.app/$(BUNDLE_EXECUTABLE_FOLDER_PATH)/ExerciseUpTo35";
			};
			name = Debug;
		};
		B5248BD42E48916B00AB82C7 /* Release */ = {
			isa = XCBuildConfiguration;
			buildSettings = {
				BUNDLE_LOADER = "$(TEST_HOST)";
				CODE_SIGN_STYLE = Automatic;
				CURRENT_PROJECT_VERSION = 1;
				GENERATE_INFOPLIST_FILE = YES;
				IPHONEOS_DEPLOYMENT_TARGET = 18.1;
				MARKETING_VERSION = 1.0;
				PRODUCT_BUNDLE_IDENTIFIER = me.cetin.gulcin.ExerciseUpTo35Tests;
				PRODUCT_NAME = "$(TARGET_NAME)";
				SWIFT_EMIT_LOC_STRINGS = NO;
				SWIFT_VERSION = 5.0;
				TARGETED_DEVICE_FAMILY = "1,2";
				TEST_HOST = "$(BUILT_PRODUCTS_DIR)/ExerciseUpTo35.app/$(BUNDLE_EXECUTABLE_FOLDER_PATH)/ExerciseUpTo35";
			};
			name = Release;
		};
		B5248BD62E48916B00AB82C7 /* Debug */ = {
			isa = XCBuildConfiguration;
			buildSettings = {
				CODE_SIGN_STYLE = Automatic;
				CURRENT_PROJECT_VERSION = 1;
				GENERATE_INFOPLIST_FILE = YES;
				MARKETING_VERSION = 1.0;
				PRODUCT_BUNDLE_IDENTIFIER = me.cetin.gulcin.ExerciseUpTo35UITests;
				PRODUCT_NAME = "$(TARGET_NAME)";
				SWIFT_EMIT_LOC_STRINGS = NO;
				SWIFT_VERSION = 5.0;
				TARGETED_DEVICE_FAMILY = "1,2";
				TEST_TARGET_NAME = ExerciseUpTo35;
			};
			name = Debug;
		};
		B5248BD72E48916B00AB82C7 /* Release */ = {
			isa = XCBuildConfiguration;
			buildSettings = {
				CODE_SIGN_STYLE = Automatic;
				CURRENT_PROJECT_VERSION = 1;
				GENERATE_INFOPLIST_FILE = YES;
				MARKETING_VERSION = 1.0;
				PRODUCT_BUNDLE_IDENTIFIER = me.cetin.gulcin.ExerciseUpTo35UITests;
				PRODUCT_NAME = "$(TARGET_NAME)";
				SWIFT_EMIT_LOC_STRINGS = NO;
				SWIFT_VERSION = 5.0;
				TARGETED_DEVICE_FAMILY = "1,2";
				TEST_TARGET_NAME = ExerciseUpTo35;
			};
			name = Release;
		};
/* End XCBuildConfiguration section */

/* Begin XCConfigurationList section */
		B5248BA62E48916900AB82C7 /* Build configuration list for PBXProject "ExerciseUpTo35" */ = {
			isa = XCConfigurationList;
			buildConfigurations = (
				B5248BCD2E48916B00AB82C7 /* Debug */,
				B5248BCE2E48916B00AB82C7 /* Release */,
			);
			defaultConfigurationIsVisible = 0;
			defaultConfigurationName = Release;
		};
		B5248BCF2E48916B00AB82C7 /* Build configuration list for PBXNativeTarget "ExerciseUpTo35" */ = {
			isa = XCConfigurationList;
			buildConfigurations = (
				B5248BD02E48916B00AB82C7 /* Debug */,
				B5248BD12E48916B00AB82C7 /* Release */,
			);
			defaultConfigurationIsVisible = 0;
			defaultConfigurationName = Release;
		};
		B5248BD22E48916B00AB82C7 /* Build configuration list for PBXNativeTarget "ExerciseUpTo35Tests" */ = {
			isa = XCConfigurationList;
			buildConfigurations = (
				B5248BD32E48916B00AB82C7 /* Debug */,
				B5248BD42E48916B00AB82C7 /* Release */,
			);
			defaultConfigurationIsVisible = 0;
			defaultConfigurationName = Release;
		};
		B5248BD52E48916B00AB82C7 /* Build configuration list for PBXNativeTarget "ExerciseUpTo35UITests" */ = {
			isa = XCConfigurationList;
			buildConfigurations = (
				B5248BD62E48916B00AB82C7 /* Debug */,
				B5248BD72E48916B00AB82C7 /* Release */,
			);
			defaultConfigurationIsVisible = 0;
			defaultConfigurationName = Release;
		};
/* End XCConfigurationList section */
	};
	rootObject = B5248BA32E48916900AB82C7 /* Project object */;
}
