// !$*UTF8*$!
{
	archiveVersion = 1;
	classes = {
	};
	objectVersion = 77;
	objects = {

/* Begin PBXContainerItemProxy section */
		B5578F1F2E882BDD007C54B4 /* PBXContainerItemProxy */ = {
			isa = PBXContainerItemProxy;
			containerPortal = B5578F062E882BDB007C54B4 /* Project object */;
			proxyType = 1;
			remoteGlobalIDString = B5578F0D2E882BDB007C54B4;
			remoteInfo = CoreImage_;
		};
		B5578F292E882BDD007C54B4 /* PBXContainerItemProxy */ = {
			isa = PBXContainerItemProxy;
			containerPortal = B5578F062E882BDB007C54B4 /* Project object */;
			proxyType = 1;
			remoteGlobalIDString = B5578F0D2E882BDB007C54B4;
			remoteInfo = CoreImage_;
		};
/* End PBXContainerItemProxy section */

/* Begin PBXFileReference section */
		B5578F0E2E882BDB007C54B4 /* CoreImage_.app */ = {isa = PBXFileReference; explicitFileType = wrapper.application; includeInIndex = 0; path = CoreImage_.app; sourceTree = BUILT_PRODUCTS_DIR; };
		B5578F1E2E882BDD007C54B4 /* CoreImage_Tests.xctest */ = {isa = PBXFileReference; explicitFileType = wrapper.cfbundle; includeInIndex = 0; path = CoreImage_Tests.xctest; sourceTree = BUILT_PRODUCTS_DIR; };
		B5578F282E882BDD007C54B4 /* CoreImage_UITests.xctest */ = {isa = PBXFileReference; explicitFileType = wrapper.cfbundle; includeInIndex = 0; path = CoreImage_UITests.xctest; sourceTree = BUILT_PRODUCTS_DIR; };
/* End PBXFileReference section */

/* Begin PBXFileSystemSynchronizedRootGroup section */
		B5578F102E882BDB007C54B4 /* CoreImage_ */ = {
			isa = PBXFileSystemSynchronizedRootGroup;
			path = CoreImage_;
			sourceTree = "<group>";
		};
		B5578F212E882BDD007C54B4 /* CoreImage_Tests */ = {
			isa = PBXFileSystemSynchronizedRootGroup;
			path = CoreImage_Tests;
			sourceTree = "<group>";
		};
		B5578F2B2E882BDD007C54B4 /* CoreImage_UITests */ = {
			isa = PBXFileSystemSynchronizedRootGroup;
			path = CoreImage_UITests;
			sourceTree = "<group>";
		};
/* End PBXFileSystemSynchronizedRootGroup section */

/* Begin PBXFrameworksBuildPhase section */
		B5578F0B2E882BDB007C54B4 /* Frameworks */ = {
			isa = PBXFrameworksBuildPhase;
			buildActionMask = 2147483647;
			files = (
			);
			runOnlyForDeploymentPostprocessing = 0;
		};
		B5578F1B2E882BDD007C54B4 /* Frameworks */ = {
			isa = PBXFrameworksBuildPhase;
			buildActionMask = 2147483647;
			files = (
			);
			runOnlyForDeploymentPostprocessing = 0;
		};
		B5578F252E882BDD007C54B4 /* Frameworks */ = {
			isa = PBXFrameworksBuildPhase;
			buildActionMask = 2147483647;
			files = (
			);
			runOnlyForDeploymentPostprocessing = 0;
		};
/* End PBXFrameworksBuildPhase section */

/* Begin PBXGroup section */
		B5578F052E882BDB007C54B4 = {
			isa = PBXGroup;
			children = (
				B5578F102E882BDB007C54B4 /* CoreImage_ */,
				B5578F212E882BDD007C54B4 /* CoreImage_Tests */,
				B5578F2B2E882BDD007C54B4 /* CoreImage_UITests */,
				B5578F0F2E882BDB007C54B4 /* Products */,
			);
			sourceTree = "<group>";
		};
		B5578F0F2E882BDB007C54B4 /* Products */ = {
			isa = PBXGroup;
			children = (
				B5578F0E2E882BDB007C54B4 /* CoreImage_.app */,
				B5578F1E2E882BDD007C54B4 /* CoreImage_Tests.xctest */,
				B5578F282E882BDD007C54B4 /* CoreImage_UITests.xctest */,
			);
			name = Products;
			sourceTree = "<group>";
		};
/* End PBXGroup section */

/* Begin PBXNativeTarget section */
		B5578F0D2E882BDB007C54B4 /* CoreImage_ */ = {
			isa = PBXNativeTarget;
			buildConfigurationList = B5578F322E882BDD007C54B4 /* Build configuration list for PBXNativeTarget "CoreImage_" */;
			buildPhases = (
				B5578F0A2E882BDB007C54B4 /* Sources */,
				B5578F0B2E882BDB007C54B4 /* Frameworks */,
				B5578F0C2E882BDB007C54B4 /* Resources */,
			);
			buildRules = (
			);
			dependencies = (
			);
			fileSystemSynchronizedGroups = (
				B5578F102E882BDB007C54B4 /* CoreImage_ */,
			);
			name = CoreImage_;
			packageProductDependencies = (
			);
			productName = CoreImage_;
			productReference = B5578F0E2E882BDB007C54B4 /* CoreImage_.app */;
			productType = "com.apple.product-type.application";
		};
		B5578F1D2E882BDD007C54B4 /* CoreImage_Tests */ = {
			isa = PBXNativeTarget;
			buildConfigurationList = B5578F352E882BDD007C54B4 /* Build configuration list for PBXNativeTarget "CoreImage_Tests" */;
			buildPhases = (
				B5578F1A2E882BDD007C54B4 /* Sources */,
				B5578F1B2E882BDD007C54B4 /* Frameworks */,
				B5578F1C2E882BDD007C54B4 /* Resources */,
			);
			buildRules = (
			);
			dependencies = (
				B5578F202E882BDD007C54B4 /* PBXTargetDependency */,
			);
			fileSystemSynchronizedGroups = (
				B5578F212E882BDD007C54B4 /* CoreImage_Tests */,
			);
			name = CoreImage_Tests;
			packageProductDependencies = (
			);
			productName = CoreImage_Tests;
			productReference = B5578F1E2E882BDD007C54B4 /* CoreImage_Tests.xctest */;
			productType = "com.apple.product-type.bundle.unit-test";
		};
		B5578F272E882BDD007C54B4 /* CoreImage_UITests */ = {
			isa = PBXNativeTarget;
			buildConfigurationList = B5578F382E882BDD007C54B4 /* Build configuration list for PBXNativeTarget "CoreImage_UITests" */;
			buildPhases = (
				B5578F242E882BDD007C54B4 /* Sources */,
				B5578F252E882BDD007C54B4 /* Frameworks */,
				B5578F262E882BDD007C54B4 /* Resources */,
			);
			buildRules = (
			);
			dependencies = (
				B5578F2A2E882BDD007C54B4 /* PBXTargetDependency */,
			);
			fileSystemSynchronizedGroups = (
				B5578F2B2E882BDD007C54B4 /* CoreImage_UITests */,
			);
			name = CoreImage_UITests;
			packageProductDependencies = (
			);
			productName = CoreImage_UITests;
			productReference = B5578F282E882BDD007C54B4 /* CoreImage_UITests.xctest */;
			productType = "com.apple.product-type.bundle.ui-testing";
		};
/* End PBXNativeTarget section */

/* Begin PBXProject section */
		B5578F062E882BDB007C54B4 /* Project object */ = {
			isa = PBXProject;
			attributes = {
				BuildIndependentTargetsInParallel = 1;
				LastSwiftUpdateCheck = 1610;
				LastUpgradeCheck = 1610;
				TargetAttributes = {
					B5578F0D2E882BDB007C54B4 = {
						CreatedOnToolsVersion = 16.1;
					};
					B5578F1D2E882BDD007C54B4 = {
						CreatedOnToolsVersion = 16.1;
						TestTargetID = B5578F0D2E882BDB007C54B4;
					};
					B5578F272E882BDD007C54B4 = {
						CreatedOnToolsVersion = 16.1;
						TestTargetID = B5578F0D2E882BDB007C54B4;
					};
				};
			};
			buildConfigurationList = B5578F092E882BDB007C54B4 /* Build configuration list for PBXProject "CoreImage_" */;
			developmentRegion = en;
			hasScannedForEncodings = 0;
			knownRegions = (
				en,
				Base,
			);
			mainGroup = B5578F052E882BDB007C54B4;
			minimizedProjectReferenceProxies = 1;
			preferredProjectObjectVersion = 77;
			productRefGroup = B5578F0F2E882BDB007C54B4 /* Products */;
			projectDirPath = "";
			projectRoot = "";
			targets = (
				B5578F0D2E882BDB007C54B4 /* CoreImage_ */,
				B5578F1D2E882BDD007C54B4 /* CoreImage_Tests */,
				B5578F272E882BDD007C54B4 /* CoreImage_UITests */,
			);
		};
/* End PBXProject section */

/* Begin PBXResourcesBuildPhase section */
		B5578F0C2E882BDB007C54B4 /* Resources */ = {
			isa = PBXResourcesBuildPhase;
			buildActionMask = 2147483647;
			files = (
			);
			runOnlyForDeploymentPostprocessing = 0;
		};
		B5578F1C2E882BDD007C54B4 /* Resources */ = {
			isa = PBXResourcesBuildPhase;
			buildActionMask = 2147483647;
			files = (
			);
			runOnlyForDeploymentPostprocessing = 0;
		};
		B5578F262E882BDD007C54B4 /* Resources */ = {
			isa = PBXResourcesBuildPhase;
			buildActionMask = 2147483647;
			files = (
			);
			runOnlyForDeploymentPostprocessing = 0;
		};
/* End PBXResourcesBuildPhase section */

/* Begin PBXSourcesBuildPhase section */
		B5578F0A2E882BDB007C54B4 /* Sources */ = {
			isa = PBXSourcesBuildPhase;
			buildActionMask = 2147483647;
			files = (
			);
			runOnlyForDeploymentPostprocessing = 0;
		};
		B5578F1A2E882BDD007C54B4 /* Sources */ = {
			isa = PBXSourcesBuildPhase;
			buildActionMask = 2147483647;
			files = (
			);
			runOnlyForDeploymentPostprocessing = 0;
		};
		B5578F242E882BDD007C54B4 /* Sources */ = {
			isa = PBXSourcesBuildPhase;
			buildActionMask = 2147483647;
			files = (
			);
			runOnlyForDeploymentPostprocessing = 0;
		};
/* End PBXSourcesBuildPhase section */

/* Begin PBXTargetDependency section */
		B5578F202E882BDD007C54B4 /* PBXTargetDependency */ = {
			isa = PBXTargetDependency;
			target = B5578F0D2E882BDB007C54B4 /* CoreImage_ */;
			targetProxy = B5578F1F2E882BDD007C54B4 /* PBXContainerItemProxy */;
		};
		B5578F2A2E882BDD007C54B4 /* PBXTargetDependency */ = {
			isa = PBXTargetDependency;
			target = B5578F0D2E882BDB007C54B4 /* CoreImage_ */;
			targetProxy = B5578F292E882BDD007C54B4 /* PBXContainerItemProxy */;
		};
/* End PBXTargetDependency section */

/* Begin XCBuildConfiguration section */
		B5578F302E882BDD007C54B4 /* Debug */ = {
			isa = XCBuildConfiguration;
			buildSettings = {
				ALWAYS_SEARCH_USER_PATHS = NO;
				ASSETCATALOG_COMPILER_GENERATE_SWIFT_ASSET_SYMBOL_EXTENSIONS = YES;
				CLANG_ANALYZER_NONNULL = YES;
				CLANG_ANALYZER_NUMBER_OBJECT_CONVERSION = YES_AGGRESSIVE;
				CLANG_CXX_LANGUAGE_STANDARD = "gnu++20";
				CLANG_ENABLE_MODULES = YES;
				CLANG_ENABLE_OBJC_ARC = YES;
				CLANG_ENABLE_OBJC_WEAK = YES;
				CLANG_WARN_BLOCK_CAPTURE_AUTORELEASING = YES;
				CLANG_WARN_BOOL_CONVERSION = YES;
				CLANG_WARN_COMMA = YES;
				CLANG_WARN_CONSTANT_CONVERSION = YES;
				CLANG_WARN_DEPRECATED_OBJC_IMPLEMENTATIONS = YES;
				CLANG_WARN_DIRECT_OBJC_ISA_USAGE = YES_ERROR;
				CLANG_WARN_DOCUMENTATION_COMMENTS = YES;
				CLANG_WARN_EMPTY_BODY = YES;
				CLANG_WARN_ENUM_CONVERSION = YES;
				CLANG_WARN_INFINITE_RECURSION = YES;
				CLANG_WARN_INT_CONVERSION = YES;
				CLANG_WARN_NON_LITERAL_NULL_CONVERSION = YES;
				CLANG_WARN_OBJC_IMPLICIT_RETAIN_SELF = YES;
				CLANG_WARN_OBJC_LITERAL_CONVERSION = YES;
				CLANG_WARN_OBJC_ROOT_CLASS = YES_ERROR;
				CLANG_WARN_QUOTED_INCLUDE_IN_FRAMEWORK_HEADER = YES;
				CLANG_WARN_RANGE_LOOP_ANALYSIS = YES;
				CLANG_WARN_STRICT_PROTOTYPES = YES;
				CLANG_WARN_SUSPICIOUS_MOVE = YES;
				CLANG_WARN_UNGUARDED_AVAILABILITY = YES_AGGRESSIVE;
				CLANG_WARN_UNREACHABLE_CODE = YES;
				CLANG_WARN__DUPLICATE_METHOD_MATCH = YES;
				COPY_PHASE_STRIP = NO;
				DEBUG_INFORMATION_FORMAT = dwarf;
				ENABLE_STRICT_OBJC_MSGSEND = YES;
				ENABLE_TESTABILITY = YES;
				ENABLE_USER_SCRIPT_SANDBOXING = YES;
				GCC_C_LANGUAGE_STANDARD = gnu17;
				GCC_DYNAMIC_NO_PIC = NO;
				GCC_NO_COMMON_BLOCKS = YES;
				GCC_OPTIMIZATION_LEVEL = 0;
				GCC_PREPROCESSOR_DEFINITIONS = (
					"DEBUG=1",
					"$(inherited)",
				);
				GCC_WARN_64_TO_32_BIT_CONVERSION = YES;
				GCC_WARN_ABOUT_RETURN_TYPE = YES_ERROR;
				GCC_WARN_UNDECLARED_SELECTOR = YES;
				GCC_WARN_UNINITIALIZED_AUTOS = YES_AGGRESSIVE;
				GCC_WARN_UNUSED_FUNCTION = YES;
				GCC_WARN_UNUSED_VARIABLE = YES;
				IPHONEOS_DEPLOYMENT_TARGET = 18.1;
				LOCALIZATION_PREFERS_STRING_CATALOGS = YES;
				MTL_ENABLE_DEBUG_INFO = INCLUDE_SOURCE;
				MTL_FAST_MATH = YES;
				ONLY_ACTIVE_ARCH = YES;
				SDKROOT = iphoneos;
				SWIFT_ACTIVE_COMPILATION_CONDITIONS = "DEBUG $(inherited)";
				SWIFT_OPTIMIZATION_LEVEL = "-Onone";
			};
			name = Debug;
		};
		B5578F312E882BDD007C54B4 /* Release */ = {
			isa = XCBuildConfiguration;
			buildSettings = {
				ALWAYS_SEARCH_USER_PATHS = NO;
				ASSETCATALOG_COMPILER_GENERATE_SWIFT_ASSET_SYMBOL_EXTENSIONS = YES;
				CLANG_ANALYZER_NONNULL = YES;
				CLANG_ANALYZER_NUMBER_OBJECT_CONVERSION = YES_AGGRESSIVE;
				CLANG_CXX_LANGUAGE_STANDARD = "gnu++20";
				CLANG_ENABLE_MODULES = YES;
				CLANG_ENABLE_OBJC_ARC = YES;
				CLANG_ENABLE_OBJC_WEAK = YES;
				CLANG_WARN_BLOCK_CAPTURE_AUTORELEASING = YES;
				CLANG_WARN_BOOL_CONVERSION = YES;
				CLANG_WARN_COMMA = YES;
				CLANG_WARN_CONSTANT_CONVERSION = YES;
				CLANG_WARN_DEPRECATED_OBJC_IMPLEMENTATIONS = YES;
				CLANG_WARN_DIRECT_OBJC_ISA_USAGE = YES_ERROR;
				CLANG_WARN_DOCUMENTATION_COMMENTS = YES;
				CLANG_WARN_EMPTY_BODY = YES;
				CLANG_WARN_ENUM_CONVERSION = YES;
				CLANG_WARN_INFINITE_RECURSION = YES;
				CLANG_WARN_INT_CONVERSION = YES;
				CLANG_WARN_NON_LITERAL_NULL_CONVERSION = YES;
				CLANG_WARN_OBJC_IMPLICIT_RETAIN_SELF = YES;
				CLANG_WARN_OBJC_LITERAL_CONVERSION = YES;
				CLANG_WARN_OBJC_ROOT_CLASS = YES_ERROR;
				CLANG_WARN_QUOTED_INCLUDE_IN_FRAMEWORK_HEADER = YES;
				CLANG_WARN_RANGE_LOOP_ANALYSIS = YES;
				CLANG_WARN_STRICT_PROTOTYPES = YES;
				CLANG_WARN_SUSPICIOUS_MOVE = YES;
				CLANG_WARN_UNGUARDED_AVAILABILITY = YES_AGGRESSIVE;
				CLANG_WARN_UNREACHABLE_CODE = YES;
				CLANG_WARN__DUPLICATE_METHOD_MATCH = YES;
				COPY_PHASE_STRIP = NO;
				DEBUG_INFORMATION_FORMAT = "dwarf-with-dsym";
				ENABLE_NS_ASSERTIONS = NO;
				ENABLE_STRICT_OBJC_MSGSEND = YES;
				ENABLE_USER_SCRIPT_SANDBOXING = YES;
				GCC_C_LANGUAGE_STANDARD = gnu17;
				GCC_NO_COMMON_BLOCKS = YES;
				GCC_WARN_64_TO_32_BIT_CONVERSION = YES;
				GCC_WARN_ABOUT_RETURN_TYPE = YES_ERROR;
				GCC_WARN_UNDECLARED_SELECTOR = YES;
				GCC_WARN_UNINITIALIZED_AUTOS = YES_AGGRESSIVE;
				GCC_WARN_UNUSED_FUNCTION = YES;
				GCC_WARN_UNUSED_VARIABLE = YES;
				IPHONEOS_DEPLOYMENT_TARGET = 18.1;
				LOCALIZATION_PREFERS_STRING_CATALOGS = YES;
				MTL_ENABLE_DEBUG_INFO = NO;
				MTL_FAST_MATH = YES;
				SDKROOT = iphoneos;
				SWIFT_COMPILATION_MODE = wholemodule;
				VALIDATE_PRODUCT = YES;
			};
			name = Release;
		};
		B5578F332E882BDD007C54B4 /* Debug */ = {
			isa = XCBuildConfiguration;
			buildSettings = {
				ASSETCATALOG_COMPILER_APPICON_NAME = AppIcon;
				ASSETCATALOG_COMPILER_GLOBAL_ACCENT_COLOR_NAME = AccentColor;
				CODE_SIGN_STYLE = Automatic;
				CURRENT_PROJECT_VERSION = 1;
				DEVELOPMENT_ASSET_PATHS = "\"CoreImage_/Preview Content\"";
				ENABLE_PREVIEWS = YES;
				GENERATE_INFOPLIST_FILE = YES;
				INFOPLIST_KEY_UIApplicationSceneManifest_Generation = YES;
				INFOPLIST_KEY_UIApplicationSupportsIndirectInputEvents = YES;
				INFOPLIST_KEY_UILaunchScreen_Generation = YES;
				INFOPLIST_KEY_UISupportedInterfaceOrientations_iPad = "UIInterfaceOrientationPortrait UIInterfaceOrientationPortraitUpsideDown UIInterfaceOrientationLandscapeLeft UIInterfaceOrientationLandscapeRight";
				INFOPLIST_KEY_UISupportedInterfaceOrientations_iPhone = "UIInterfaceOrientationPortrait UIInterfaceOrientationLandscapeLeft UIInterfaceOrientationLandscapeRight";
				LD_RUNPATH_SEARCH_PATHS = (
					"$(inherited)",
					"@executable_path/Frameworks",
				);
				MARKETING_VERSION = 1.0;
				PRODUCT_BUNDLE_IDENTIFIER = "me.cetin.gulcin.CoreImage-";
				PRODUCT_NAME = "$(TARGET_NAME)";
				SWIFT_EMIT_LOC_STRINGS = YES;
				SWIFT_VERSION = 5.0;
				TARGETED_DEVICE_FAMILY = "1,2";
			};
			name = Debug;
		};
		B5578F342E882BDD007C54B4 /* Release */ = {
			isa = XCBuildConfiguration;
			buildSettings = {
				ASSETCATALOG_COMPILER_APPICON_NAME = AppIcon;
				ASSETCATALOG_COMPILER_GLOBAL_ACCENT_COLOR_NAME = AccentColor;
				CODE_SIGN_STYLE = Automatic;
				CURRENT_PROJECT_VERSION = 1;
				DEVELOPMENT_ASSET_PATHS = "\"CoreImage_/Preview Content\"";
				ENABLE_PREVIEWS = YES;
				GENERATE_INFOPLIST_FILE = YES;
				INFOPLIST_KEY_UIApplicationSceneManifest_Generation = YES;
				INFOPLIST_KEY_UIApplicationSupportsIndirectInputEvents = YES;
				INFOPLIST_KEY_UILaunchScreen_Generation = YES;
				INFOPLIST_KEY_UISupportedInterfaceOrientations_iPad = "UIInterfaceOrientationPortrait UIInterfaceOrientationPortraitUpsideDown UIInterfaceOrientationLandscapeLeft UIInterfaceOrientationLandscapeRight";
				INFOPLIST_KEY_UISupportedInterfaceOrientations_iPhone = "UIInterfaceOrientationPortrait UIInterfaceOrientationLandscapeLeft UIInterfaceOrientationLandscapeRight";
				LD_RUNPATH_SEARCH_PATHS = (
					"$(inherited)",
					"@executable_path/Frameworks",
				);
				MARKETING_VERSION = 1.0;
				PRODUCT_BUNDLE_IDENTIFIER = "me.cetin.gulcin.CoreImage-";
				PRODUCT_NAME = "$(TARGET_NAME)";
				SWIFT_EMIT_LOC_STRINGS = YES;
				SWIFT_VERSION = 5.0;
				TARGETED_DEVICE_FAMILY = "1,2";
			};
			name = Release;
		};
		B5578F362E882BDD007C54B4 /* Debug */ = {
			isa = XCBuildConfiguration;
			buildSettings = {
				BUNDLE_LOADER = "$(TEST_HOST)";
				CODE_SIGN_STYLE = Automatic;
				CURRENT_PROJECT_VERSION = 1;
				GENERATE_INFOPLIST_FILE = YES;
				IPHONEOS_DEPLOYMENT_TARGET = 18.1;
				MARKETING_VERSION = 1.0;
				PRODUCT_BUNDLE_IDENTIFIER = "me.cetin.gulcin.CoreImage-Tests";
				PRODUCT_NAME = "$(TARGET_NAME)";
				SWIFT_EMIT_LOC_STRINGS = NO;
				SWIFT_VERSION = 5.0;
				TARGETED_DEVICE_FAMILY = "1,2";
				TEST_HOST = "$(BUILT_PRODUCTS_DIR)/CoreImage_.app/$(BUNDLE_EXECUTABLE_FOLDER_PATH)/CoreImage_";
			};
			name = Debug;
		};
		B5578F372E882BDD007C54B4 /* Release */ = {
			isa = XCBuildConfiguration;
			buildSettings = {
				BUNDLE_LOADER = "$(TEST_HOST)";
				CODE_SIGN_STYLE = Automatic;
				CURRENT_PROJECT_VERSION = 1;
				GENERATE_INFOPLIST_FILE = YES;
				IPHONEOS_DEPLOYMENT_TARGET = 18.1;
				MARKETING_VERSION = 1.0;
				PRODUCT_BUNDLE_IDENTIFIER = "me.cetin.gulcin.CoreImage-Tests";
				PRODUCT_NAME = "$(TARGET_NAME)";
				SWIFT_EMIT_LOC_STRINGS = NO;
				SWIFT_VERSION = 5.0;
				TARGETED_DEVICE_FAMILY = "1,2";
				TEST_HOST = "$(BUILT_PRODUCTS_DIR)/CoreImage_.app/$(BUNDLE_EXECUTABLE_FOLDER_PATH)/CoreImage_";
			};
			name = Release;
		};
		B5578F392E882BDD007C54B4 /* Debug */ = {
			isa = XCBuildConfiguration;
			buildSettings = {
				CODE_SIGN_STYLE = Automatic;
				CURRENT_PROJECT_VERSION = 1;
				GENERATE_INFOPLIST_FILE = YES;
				MARKETING_VERSION = 1.0;
				PRODUCT_BUNDLE_IDENTIFIER = "me.cetin.gulcin.CoreImage-UITests";
				PRODUCT_NAME = "$(TARGET_NAME)";
				SWIFT_EMIT_LOC_STRINGS = NO;
				SWIFT_VERSION = 5.0;
				TARGETED_DEVICE_FAMILY = "1,2";
				TEST_TARGET_NAME = CoreImage_;
			};
			name = Debug;
		};
		B5578F3A2E882BDD007C54B4 /* Release */ = {
			isa = XCBuildConfiguration;
			buildSettings = {
				CODE_SIGN_STYLE = Automatic;
				CURRENT_PROJECT_VERSION = 1;
				GENERATE_INFOPLIST_FILE = YES;
				MARKETING_VERSION = 1.0;
				PRODUCT_BUNDLE_IDENTIFIER = "me.cetin.gulcin.CoreImage-UITests";
				PRODUCT_NAME = "$(TARGET_NAME)";
				SWIFT_EMIT_LOC_STRINGS = NO;
				SWIFT_VERSION = 5.0;
				TARGETED_DEVICE_FAMILY = "1,2";
				TEST_TARGET_NAME = CoreImage_;
			};
			name = Release;
		};
/* End XCBuildConfiguration section */

/* Begin XCConfigurationList section */
		B5578F092E882BDB007C54B4 /* Build configuration list for PBXProject "CoreImage_" */ = {
			isa = XCConfigurationList;
			buildConfigurations = (
				B5578F302E882BDD007C54B4 /* Debug */,
				B5578F312E882BDD007C54B4 /* Release */,
			);
			defaultConfigurationIsVisible = 0;
			defaultConfigurationName = Release;
		};
		B5578F322E882BDD007C54B4 /* Build configuration list for PBXNativeTarget "CoreImage_" */ = {
			isa = XCConfigurationList;
			buildConfigurations = (
				B5578F332E882BDD007C54B4 /* Debug */,
				B5578F342E882BDD007C54B4 /* Release */,
			);
			defaultConfigurationIsVisible = 0;
			defaultConfigurationName = Release;
		};
		B5578F352E882BDD007C54B4 /* Build configuration list for PBXNativeTarget "CoreImage_Tests" */ = {
			isa = XCConfigurationList;
			buildConfigurations = (
				B5578F362E882BDD007C54B4 /* Debug */,
				B5578F372E882BDD007C54B4 /* Release */,
			);
			defaultConfigurationIsVisible = 0;
			defaultConfigurationName = Release;
		};
		B5578F382E882BDD007C54B4 /* Build configuration list for PBXNativeTarget "CoreImage_UITests" */ = {
			isa = XCConfigurationList;
			buildConfigurations = (
				B5578F392E882BDD007C54B4 /* Debug */,
				B5578F3A2E882BDD007C54B4 /* Release */,
			);
			defaultConfigurationIsVisible = 0;
			defaultConfigurationName = Release;
		};
/* End XCConfigurationList section */
	};
	rootObject = B5578F062E882BDB007C54B4 /* Project object */;
}
